
Microsoft Visual Studio Solution File, Format Version 12.00
# Visual Studio 15
Project("{FAE04EC0-301F-11D3-BF4B-00C04F79EFBC}") = "LambdaImageResizer", "LambdaImageResizer\LambdaImageResizer.csproj", "{CA318786-6288-434D-AE13-244BC33EE2C0}"
EndProject
Project("{E53339B2-1760-4266-BCC7-CA923CBCF16C}") = "docker-compose", "docker-compose.dcproj", "{C1411E3E-2288-4A68-89FC-BBD8A45D05EF}"
EndProject
Global
	GlobalSection(SolutionConfigurationPlatforms) = preSolution
		Debug|Any CPU = Debug|Any CPU
		Release|Any CPU = Release|Any CPU
	EndGlobalSection
	GlobalSection(ProjectConfigurationPlatforms) = postSolution
		{CA318786-6288-434D-AE13-244BC33EE2C0}.Debug|Any CPU.ActiveCfg = Debug|Any CPU
		{CA318786-6288-434D-AE13-244BC33EE2C0}.Debug|Any CPU.Build.0 = Debug|Any CPU
		{CA318786-6288-434D-AE13-244BC33EE2C0}.Release|Any CPU.ActiveCfg = Release|Any CPU
		{CA318786-6288-434D-AE13-244BC33EE2C0}.Release|Any CPU.Build.0 = Release|Any CPU
		{C1411E3E-2288-4A68-89FC-BBD8A45D05EF}.Debug|Any CPU.ActiveCfg = Debug|Any CPU
		{C1411E3E-2288-4A68-89FC-BBD8A45D05EF}.Debug|Any CPU.Build.0 = Debug|Any CPU
		{C1411E3E-2288-4A68-89FC-BBD8A45D05EF}.Release|Any CPU.ActiveCfg = Release|Any CPU
		{C1411E3E-2288-4A68-89FC-BBD8A45D05EF}.Release|Any CPU.Build.0 = Release|Any CPU
	EndGlobalSection
EndGlobal
